
Microsoft Visual Studio Solution File, Format Version 12.00
# Visual Studio Version 17
VisualStudioVersion = 17.0.31903.59
MinimumVisualStudioVersion = 10.0.40219.1
Project("{FAE04EC0-301F-11D3-BF4B-00C04F79EFBC}") = "SpaceBattle.Lib", "SpaceBattle.Lib\SpaceBattle.Lib.csproj", "{9F167D80-EEC9-46C4-8401-DEAFADB696AF}"
EndProject
Project("{FAE04EC0-301F-11D3-BF4B-00C04F79EFBC}") = "SpaceBattle.Lib.Tests", "SpaceBattle.Lib.Tests\SpaceBattle.Lib.Tests.csproj", "{DA3A7BD7-69F8-48BD-8518-5E963E7AAC2C}"
EndProject
Global
	GlobalSection(SolutionConfigurationPlatforms) = preSolution
		Debug|Any CPU = Debug|Any CPU
		Release|Any CPU = Release|Any CPU
	EndGlobalSection
	GlobalSection(SolutionProperties) = preSolution
		HideSolutionNode = FALSE
	EndGlobalSection
	GlobalSection(ProjectConfigurationPlatforms) = postSolution
		{9F167D80-EEC9-46C4-8401-DEAFADB696AF}.Debug|Any CPU.ActiveCfg = Debug|Any CPU
		{9F167D80-EEC9-46C4-8401-DEAFADB696AF}.Debug|Any CPU.Build.0 = Debug|Any CPU
		{9F167D80-EEC9-46C4-8401-DEAFADB696AF}.Release|Any CPU.ActiveCfg = Release|Any CPU
		{9F167D80-EEC9-46C4-8401-DEAFADB696AF}.Release|Any CPU.Build.0 = Release|Any CPU
		{DA3A7BD7-69F8-48BD-8518-5E963E7AAC2C}.Debug|Any CPU.ActiveCfg = Debug|Any CPU
		{DA3A7BD7-69F8-48BD-8518-5E963E7AAC2C}.Debug|Any CPU.Build.0 = Debug|Any CPU
		{DA3A7BD7-69F8-48BD-8518-5E963E7AAC2C}.Release|Any CPU.ActiveCfg = Release|Any CPU
		{DA3A7BD7-69F8-48BD-8518-5E963E7AAC2C}.Release|Any CPU.Build.0 = Release|Any CPU
		{DB9CD53A-A436-4C5E-82C4-D7E796C1B2C9}.Debug|Any CPU.ActiveCfg = Debug|Any CPU
		{DB9CD53A-A436-4C5E-82C4-D7E796C1B2C9}.Debug|Any CPU.Build.0 = Debug|Any CPU
		{DB9CD53A-A436-4C5E-82C4-D7E796C1B2C9}.Release|Any CPU.ActiveCfg = Release|Any CPU
		{DB9CD53A-A436-4C5E-82C4-D7E796C1B2C9}.Release|Any CPU.Build.0 = Release|Any CPU
	EndGlobalSection
EndGlobal
